
Microsoft Visual Studio Solution File, Format Version 12.00
# Visual Studio Version 16
VisualStudioVersion = 16.0.31624.102
MinimumVisualStudioVersion = 10.0.40219.1
Project("{FAE04EC0-301F-11D3-BF4B-00C04F79EFBC}") = "lab 5.3", "lab 5.3\lab 5.3.csproj", "{53F3BD16-6863-473A-9E95-8E39F6B2B705}"
EndProject
Global
	GlobalSection(SolutionConfigurationPlatforms) = preSolution
		Debug|Any CPU = Debug|Any CPU
		Release|Any CPU = Release|Any CPU
	EndGlobalSection
	GlobalSection(ProjectConfigurationPlatforms) = postSolution
		{53F3BD16-6863-473A-9E95-8E39F6B2B705}.Debug|Any CPU.ActiveCfg = Debug|Any CPU
		{53F3BD16-6863-473A-9E95-8E39F6B2B705}.Debug|Any CPU.Build.0 = Debug|Any CPU
		{53F3BD16-6863-473A-9E95-8E39F6B2B705}.Release|Any CPU.ActiveCfg = Release|Any CPU
		{53F3BD16-6863-473A-9E95-8E39F6B2B705}.Release|Any CPU.Build.0 = Release|Any CPU
	EndGlobalSection
	GlobalSection(SolutionProperties) = preSolution
		HideSolutionNode = FALSE
	EndGlobalSection
	GlobalSection(ExtensibilityGlobals) = postSolution
		SolutionGuid = {14760D4E-55E4-4621-8C15-5F3A2871F3B6}
	EndGlobalSection
EndGlobal
